{
    "_meta": {
        "hash": {
            "sha256": "13a6988eb68dab5e442f93d5630a01a070ae308b5be9bb6b9ee5e35cdff641e9"
        },
        "pipfile-spec": 6,
        "requires": {
            "python_version": "3.6"
        },
        "sources": [
            {
                "name": "pypi",
                "url": "https://pypi.org/simple",
                "verify_ssl": true
            }
        ]
    },
    "default": {
        "argparse": {
            "hashes": [
                "sha256:ddaf4b0a618335a32b6664d4ae038a1de8fbada3b25033f9021510ed2b3941a4"
            ],
            "index": "pypi",
            "version": "==1.2.1"
        },
        "beautifulsoup4": {
            "hashes": [
                "sha256:11a9a27b7d3bddc6d86f59fb76afb70e921a25ac2d6cc55b40d072bd68435a76",
                "sha256:7015e76bf32f1f574636c4288399a6de66ce08fb7b2457f628a8d70c0fbabb11",
                "sha256:808b6ac932dccb0a4126558f7dfdcf41710dd44a4ef497a0bb59a77f9f078e89"
            ],
            "index": "pypi",
            "version": "==4.6.0"
        },
        "certifi": {
            "hashes": [
                "sha256:59b7658e26ca9c7339e00f8f4636cdfe59d34fa37b9b04f6f9e9926b3cece1a5",
                "sha256:b26104d6835d1f5e49452a26eb2ff87fe7090b89dfcaee5ea2212697e1e1d7ae"
            ],
            "version": "==2019.3.9"
        },
        "chardet": {
            "hashes": [
                "sha256:84ab92ed1c4d4f16916e05906b6b75a6c0fb5db821cc65e70cbd64a3e2a5eaae",
                "sha256:fc323ffcaeaed0e0a02bf4d117757b98aed530d9ed4531e3e15460124c106691"
            ],
            "version": "==3.0.4"
        },
        "coreapi": {
            "hashes": [
                "sha256:46145fcc1f7017c076a2ef684969b641d18a2991051fddec9458ad3f78ffc1cb",
                "sha256:bf39d118d6d3e171f10df9ede5666f63ad80bba9a29a8ec17726a66cf52ee6f3"
            ],
            "version": "==2.3.3"
        },
        "coreschema": {
            "hashes": [
                "sha256:5e6ef7bf38c1525d5e55a895934ab4273548629f16aed5c0a6caa74ebf45551f",
                "sha256:9503506007d482ab0867ba14724b93c18a33b22b6d19fb419ef2d239dd4a1607"
            ],
            "version": "==0.0.4"
        },
        "defusedxml": {
            "hashes": [
                "sha256:24d7f2f94f7f3cb6061acb215685e5125fbcdc40a857eff9de22518820b0a4f4",
                "sha256:702a91ade2968a82beb0db1e0766a6a273f33d4616a6ce8cde475d8e09853b20"
            ],
            "version": "==0.5.0"
        },
        "dj-database-url": {
            "hashes": [
                "sha256:a6832d8445ee9d788c5baa48aef8130bf61fdc442f7d9a548424d25cd85c9f08",
                "sha256:e16d94c382ea0564c48038fa7fe8d9c890ef1ab1a8ec4cb48e732c124b9482fd"
            ],
            "index": "pypi",
            "version": "==0.4.2"
        },
        "django": {
            "hashes": [
                "sha256:275bec66fd2588dd517ada59b8bfb23d4a9abc5a362349139ddda3c7ff6f5ade",
                "sha256:939652e9d34d7d53d74d5d8ef82a19e5f8bb2de75618f7e5360691b6e9667963"
            ],
            "index": "pypi",
            "version": "==2.1.7"
        },
        "django-allauth": {
            "hashes": [
                "sha256:02175aa1c2ddfd935a54011d1196d70c976647fc46f603f8b8758fc395b9d277"
            ],
            "index": "pypi",
            "version": "==0.37.1"
        },
        "django-cors-headers": {
            "hashes": [
                "sha256:451bc37a514792c2b46c52362368f7985985933ecdbf1a85f82652579a5cbe01",
                "sha256:4e02be61ffaaab5917f1fd7cc3c305c4fb7ccd0156a649c96f49bc0a09c5f572"
            ],
            "index": "pypi",
            "version": "==2.1.0"
        },
        "django-crispy-forms": {
            "hashes": [
                "sha256:b29a9a671194e3a482891f319f69da81e30ae81c075f6e37adb14a83ba2c409b",
                "sha256:d37fe72eb550b41ba651c06293fb861d5a9e6e3ada23304718858cd6250d258d"
            ],
            "index": "pypi",
            "version": "==1.7.0"
        },
        "django-filter": {
            "hashes": [
                "sha256:6f4e4bc1a11151178520567b50320e5c32f8edb552139d93ea3e30613b886f56",
                "sha256:86c3925020c27d072cdae7b828aaa5d165c2032a629abbe3c3a1be1edae61c58"
            ],
            "index": "pypi",
            "version": "==2.0.0"
        },
        "django-resized": {
            "hashes": [
                "sha256:373eb18f9c631c67e4aa0086e277587c3f678d468efae23f127aa524a7af48ae"
            ],
            "index": "pypi",
            "version": "==0.3.7"
        },
        "django-rest-auth": {
            "hashes": [
                "sha256:ad155a0ed1061b32e3e46c9b25686e397644fd6acfd35d5c03bc6b9d2fc6c82a"
            ],
            "index": "pypi",
            "version": "==0.9.3"
        },
        "django-rest-swagger": {
            "hashes": [
                "sha256:48f6aded9937e90ae7cbe9e6c932b9744b8af80cc4e010088b3278c700e0685b",
                "sha256:b039b0288bab4665cd45dc5d16f94b13911bc4ad0ed55f74ad3b90aa31c87c17"
            ],
            "index": "pypi",
            "version": "==2.2.0"
        },
        "django-simple-history": {
            "hashes": [
                "sha256:02259651c21e6f3e4b9d8ca1cb7a8079b233bdd420cde53a777d5fd124af2369",
                "sha256:e83edaa0ef298bcd2d2193378e108dcc441d95e38c07edd9dfad2c39bf9d5e19"
            ],
            "index": "pypi",
            "version": "==2.5.1"
        },
        "djangorestframework": {
            "hashes": [
                "sha256:607865b0bb1598b153793892101d881466bd5a991de12bd6229abb18b1c86136",
                "sha256:63f76cbe1e7d12b94c357d7e54401103b2e52aef0f7c1650d6c820ad708776e5"
            ],
            "index": "pypi",
            "version": "==3.9.0"
        },
        "djangorestframework-jwt": {
            "hashes": [
                "sha256:5efe33032f3a4518a300dc51a51c92145ad95fb6f4b272e5aa24701db67936a7",
                "sha256:ab15dfbbe535eede8e2e53adaf52ef0cf018ee27dbfad10cbc4cbec2ab63d38c"
            ],
            "index": "pypi",
            "version": "==1.11.0"
        },
        "gunicorn": {
            "hashes": [
                "sha256:75af03c99389535f218cc596c7de74df4763803f7b63eb09d77e92b3956b36c6",
                "sha256:eee1169f0ca667be05db3351a0960765620dad53f53434262ff8901b68a1b622"
            ],
            "index": "pypi",
            "version": "==19.7.1"
        },
        "idna": {
            "hashes": [
                "sha256:c357b3f628cf53ae2c4c05627ecc484553142ca23264e593d327bcde5e9c3407",
                "sha256:ea8b7f6188e6fa117537c3df7da9fc686d485087abf6ac197f9c46432f7e4a3c"
            ],
            "version": "==2.8"
        },
        "itypes": {
            "hashes": [
                "sha256:c6e77bb9fd68a4bfeb9d958fea421802282451a25bac4913ec94db82a899c073"
            ],
            "version": "==1.1.0"
        },
        "jinja2": {
            "hashes": [
                "sha256:74c935a1b8bb9a3947c50a54766a969d4846290e1e788ea44c1392163723c3bd",
                "sha256:f84be1bb0040caca4cea721fcbbbbd61f9be9464ca236387158b0feea01914a4"
            ],
            "version": "==2.10"
        },
        "markdown": {
            "hashes": [
                "sha256:30ff37bf64245c5fe4c6fbb6967efacd03bef9abbd0fc1de3c888d26a9dbc85b",
                "sha256:df3bbae578f29767571b5ce67a4702fe14ed6710b97bab59251a5113b6bec3a3",
                "sha256:ee17d0d7dc091e645dd48302a2e21301cc68f188505c2069d8635f94554170bf"
            ],
            "index": "pypi",
            "version": "==2.6.2"
        },
        "markupsafe": {
            "hashes": [
                "sha256:00bc623926325b26bb9605ae9eae8a215691f33cae5df11ca5424f06f2d1f473",
                "sha256:09027a7803a62ca78792ad89403b1b7a73a01c8cb65909cd876f7fcebd79b161",
                "sha256:09c4b7f37d6c648cb13f9230d847adf22f8171b1ccc4d5682398e77f40309235",
                "sha256:1027c282dad077d0bae18be6794e6b6b8c91d58ed8a8d89a89d59693b9131db5",
                "sha256:24982cc2533820871eba85ba648cd53d8623687ff11cbb805be4ff7b4c971aff",
                "sha256:29872e92839765e546828bb7754a68c418d927cd064fd4708fab9fe9c8bb116b",
                "sha256:43a55c2930bbc139570ac2452adf3d70cdbb3cfe5912c71cdce1c2c6bbd9c5d1",
                "sha256:46c99d2de99945ec5cb54f23c8cd5689f6d7177305ebff350a58ce5f8de1669e",
                "sha256:500d4957e52ddc3351cabf489e79c91c17f6e0899158447047588650b5e69183",
                "sha256:535f6fc4d397c1563d08b88e485c3496cf5784e927af890fb3c3aac7f933ec66",
                "sha256:62fe6c95e3ec8a7fad637b7f3d372c15ec1caa01ab47926cfdf7a75b40e0eac1",
                "sha256:6dd73240d2af64df90aa7c4e7481e23825ea70af4b4922f8ede5b9e35f78a3b1",
                "sha256:717ba8fe3ae9cc0006d7c451f0bb265ee07739daf76355d06366154ee68d221e",
                "sha256:79855e1c5b8da654cf486b830bd42c06e8780cea587384cf6545b7d9ac013a0b",
                "sha256:7c1699dfe0cf8ff607dbdcc1e9b9af1755371f92a68f706051cc8c37d447c905",
                "sha256:88e5fcfb52ee7b911e8bb6d6aa2fd21fbecc674eadd44118a9cc3863f938e735",
                "sha256:8defac2f2ccd6805ebf65f5eeb132adcf2ab57aa11fdf4c0dd5169a004710e7d",
                "sha256:98c7086708b163d425c67c7a91bad6e466bb99d797aa64f965e9d25c12111a5e",
                "sha256:9add70b36c5666a2ed02b43b335fe19002ee5235efd4b8a89bfcf9005bebac0d",
                "sha256:9bf40443012702a1d2070043cb6291650a0841ece432556f784f004937f0f32c",
                "sha256:ade5e387d2ad0d7ebf59146cc00c8044acbd863725f887353a10df825fc8ae21",
                "sha256:b00c1de48212e4cc9603895652c5c410df699856a2853135b3967591e4beebc2",
                "sha256:b1282f8c00509d99fef04d8ba936b156d419be841854fe901d8ae224c59f0be5",
                "sha256:b2051432115498d3562c084a49bba65d97cf251f5a331c64a12ee7e04dacc51b",
                "sha256:ba59edeaa2fc6114428f1637ffff42da1e311e29382d81b339c1817d37ec93c6",
                "sha256:c8716a48d94b06bb3b2524c2b77e055fb313aeb4ea620c8dd03a105574ba704f",
                "sha256:cd5df75523866410809ca100dc9681e301e3c27567cf498077e8551b6d20e42f",
                "sha256:e249096428b3ae81b08327a63a485ad0878de3fb939049038579ac0ef61e17e7"
            ],
            "version": "==1.1.1"
        },
        "oauthlib": {
            "hashes": [
                "sha256:0ce32c5d989a1827e3f1148f98b9085ed2370fc939bf524c9c851d8714797298",
                "sha256:3e1e14f6cde7e5475128d30e97edc3bfb4dc857cb884d8714ec161fdbb3b358e"
            ],
            "version": "==3.0.1"
        },
        "olefile": {
            "hashes": [
                "sha256:133b031eaf8fd2c9399b78b8bc5b8fcbe4c31e85295749bb17a87cba8f3c3964"
            ],
            "version": "==0.46"
        },
        "openapi-codec": {
            "hashes": [
                "sha256:1bce63289edf53c601ea3683120641407ff6b708803b8954c8a876fe778d2145"
            ],
            "version": "==1.3.2"
        },
        "pillow": {
            "hashes": [
                "sha256:0e3b56364a2c772c961a8faad8a835d3f24d8848310de035c9e07cc006035cbc",
                "sha256:1d742642d01914b7e0cf6fd597a51f57d21fd68f794cf84803e03e72db78a261",
                "sha256:2046a2001e2c413998951cc28aa0dbfd4cff846a12e24c2145d42630d5104094",
                "sha256:39c7c9dcf64430091e30ef14d4191b4cae9b7b5ff29762357730aac4866fb189",
                "sha256:4fb8ab0f8895fb946454ef6ffe806f49ee387095f2d6112ae24670e5fb8fbcd9",
                "sha256:53eaec751151b5713a15b1cd62b06d0fc16d72f56623c15448728c554c30770b",
                "sha256:54898190b538a6c8fa4228e866ff2e7609da1ba9fd1d9cc5dc8ca591d37ce0a8",
                "sha256:575a9b3468c82f38be0419cd39d35001ae95a0cc5226534e45430035fecef583",
                "sha256:59cef683d79b85d55a950c1e61dc7b6be0c45a5074692746354cd9a8ace1cd17",
                "sha256:6d814aa655d94c63547fc3208cb6ab886ff1a64c543b31f52658663b1bb3f011",
                "sha256:759e5e3e99c4ac87b99e9288a75236c63173d1bb24c8d3f9d9d2c8332fceeb0a",
                "sha256:822e4fc261d12fa44d88dadee0e93d59663db94d962d4ffffbf09b1fe5e5be51",
                "sha256:9184b9788a9cf677e53626a4dc141136a22d349a5480479b98defd3cfb5015a4",
                "sha256:92087cb92a968421f42235f7d8153f4766b6ba213a6efb36b8060f3c9d294569",
                "sha256:922aeb050bd52d8ce9531ab57fd2440bfe975900e8700fec385fb741c3c557c7",
                "sha256:9adcfa2477b7e279ebeee75b49f535518201bbd7d26ca2ef1cf6751cb6e658e8",
                "sha256:a336596b06e062b92eb8201a3b5dff07ae01c3a5d08ce5539d2da49b123f2be6",
                "sha256:a6f43511c79bed431ec2b56e55150b5222c732cd9e5f80e77a44e068e94c71fc",
                "sha256:a97c715d44efd5b4aa8d739b8fad88b93ed79f1b33fc2822d5802043f3b1b527",
                "sha256:b13106cb83a3b7d1a02fafb94bfafbc980465ba948b76ea1996245959c6783d2",
                "sha256:be803fae6af36639524a0f6861a8cface67bbec66c3416c3eaf592f1d45b8b20",
                "sha256:cc6a5ed5b8f9d2f25e4e42d562e0ec4df3ce838f9e9b9d9d9b65fac6fe93a4cc",
                "sha256:dc32362d0cadf18c3aef7040455760106cafe7dd3c211dc27c507e746376bb56",
                "sha256:e595312f67962d6b4fde3b7dffaaaca4becefa522d677676bb57b0ec5f8f921a",
                "sha256:e66080685863444738f08e13081c287e340b6e4f8bd674a2e0da967776ac6f46",
                "sha256:effa82e72f5064439a3d2c7ff615b999eb1c4d65bb1f1e6ee6e2ddb345b3e81e",
                "sha256:f2d71951f473744ac617b645b62d0c4df5372ef4618c425646bfe5e2e8878e61"
            ],
            "index": "pypi",
            "version": "==4.3.0"
        },
        "psycopg2": {
            "hashes": [
                "sha256:0147e990cef0332e239de711f165b2a5e6feb7c5f8583985d4a3dcac1680a782",
                "sha256:0c68fb507415ce022402244cffe740018c9506367fe2d6323f0b47e2544b6b36",
                "sha256:18c2294c2a0a0df6bb5adfbcae50922b0e75909df8642c9286bf6b867866d181",
                "sha256:26551d8873130b9558628c5f0288bd07b00c3f82f7dbfe0acf3cd7cd45746672",
                "sha256:2a9c4bc78922be9d34a11fc38b75bef122d44f465eaf5f2a44021f7cbda3dfd6",
                "sha256:304304e8efce4077621f9a14cb7e53cdacb4a14ec92f5628204bc4254d4840fb",
                "sha256:32184c60b445ac9eb4a0058d54f7a5dddae6928f94dfa3683157dc5e70321212",
                "sha256:34b7e41d1747b26df3baf5397949cc938261c547f3bce208ffc7826c3897d5ac",
                "sha256:38ff8f65deb947a7499f24ceb5b40db24540027fdf7d927f4d2aab35fbbdd6b0",
                "sha256:3a11a757e61e3eb5dfa334cf0ce86f9fa1919efadbb98af833eaf3bcb90d7e58",
                "sha256:3f64897312a08928e71343fedc2a3812a1c46f03025fe327e5d41e0a7be53ee9",
                "sha256:4004e84c2846badfa1e14ba3cf5b9d7471071c872c1dd6290013c89fa2cc63b1",
                "sha256:4cae3856e9b41a4861ad32fd8a4aabc7669a0b828776bb3ce0ca29333dabf40c",
                "sha256:6b26f9ec7a0c5ca1b3528918caeb3c73bfceaced3fdea59d045c886cc2c43344",
                "sha256:74ee532d6068a1456d5eda254513656c716cdee0a7389c91c094c7ce3500a9c9",
                "sha256:86c9355f5374b008c8479bc00023b295c07d508f7c3b91dbd2e74f8925b1d9c6",
                "sha256:8f57535a377c23a78d5a8bbe929ec6977adb3e137fa42500436c784c60141613",
                "sha256:905764e8d1557e536c9fac35d412a21ad87b558e794104437bf4012a83438ed2",
                "sha256:911af115bb526b3a5d2f50e05096afc05e3867f55f24532b4a70811e63deab57",
                "sha256:9c9fe11f87c44e83620b2273f40338e3c25fdbfd34986dddc77e840e0acd25bc",
                "sha256:9f9de8b5e1b0b648bf4535b721a58eaccf92f747cd8d94380171a36f18553601",
                "sha256:a14bd664f4db452612688e8031fdf74da489cb042d78d49f2bbfcfa97aae135d",
                "sha256:ad0e145952e2e91aa1d80c4b9bd8ba9059f39b3538da7b1133b2ed84eb132ed3",
                "sha256:b4f24faa25232073092d246fc6118c29130c8a5bcc8fd4239edeba20fb12b24a",
                "sha256:ba6f4786262b4999f9cca420827469c88a79e1f65dabf6bb8a300518f7e11472",
                "sha256:bf48be2d01f6e34e5fbd8976f7b66158a83a33b92739acd13fc1934c60b71cfb",
                "sha256:ccd55766033411206d700bcd11e064081f784f256c4d4f6883dca4c3bde21ae2",
                "sha256:d2e98ff1546c632c29f740a938ba6e29d327ef55f3e816dd43c1e4e7d8cd369a",
                "sha256:f04d56f664108af9571d278c0ed942ecef0dd3e072fe21ac8c7497a51bfcdfba",
                "sha256:f1f6d1b0ab40e8d43e294c7a1cc6fe6d47a88225583e581c15e8bfcff04b3863",
                "sha256:f4cc27830081147ebca6eb729329c64b7f8e92e415733aa26705dd9f03303038"
            ],
            "index": "pypi",
            "version": "==2.7.1"
        },
        "pyjwt": {
            "hashes": [
                "sha256:500be75b17a63f70072416843dc80c8821109030be824f4d14758f114978bae7",
                "sha256:a4e5f1441e3ca7b382fd0c0b416777ced1f97c64ef0c33bfa39daf38505cfd2f"
            ],
            "index": "pypi",
            "version": "==1.5.3"
        },
        "python3-openid": {
            "hashes": [
                "sha256:0086da6b6ef3161cfe50fb1ee5cceaf2cda1700019fda03c2c5c440ca6abe4fa",
                "sha256:628d365d687e12da12d02c6691170f4451db28d6d68d050007e4a40065868502"
            ],
            "version": "==3.1.0"
        },
        "pytz": {
            "hashes": [
                "sha256:00f35fb0e7e2fc348cd091d25d36c6768b721463d12396d68a9491a8a5f91ecf",
                "sha256:4d64ed1b9e0e73095f5cfa87f0e97ddb4c840049e8efeb7e63b46118ba1d623a",
                "sha256:a78b484d5472dd8c688f8b3eee18646a25c66ce45b2c26652850f6af9ce52b17",
                "sha256:c4ee70cb407f9284517ac368f121cf0796a7134b961e53d9daf1aaae8f44fb90"
            ],
            "index": "pypi",
            "version": "==2015.4"
        },
        "requests": {
            "hashes": [
                "sha256:502a824f31acdacb3a35b6690b5fbf0bc41d63a24a45c4004352b0242707598e",
                "sha256:7bf2a778576d825600030a110f3c0e3e8edc51dfaafe1c146e39a2027784957b"
            ],
            "index": "pypi",
            "version": "==2.21.0"
        },
        "requests-oauthlib": {
            "hashes": [
                "sha256:bd6533330e8748e94bf0b214775fed487d309b8b8fe823dc45641ebcd9a32f57",
                "sha256:d3ed0c8f2e3bbc6b344fa63d6f933745ab394469da38db16bdddb461c7e25140"
            ],
            "version": "==1.2.0"
        },
        "simplejson": {
            "hashes": [
                "sha256:067a7177ddfa32e1483ba5169ebea1bc2ea27f224853211ca669325648ca5642",
                "sha256:2fc546e6af49fb45b93bbe878dea4c48edc34083729c0abd09981fe55bdf7f91",
                "sha256:354fa32b02885e6dae925f1b5bbf842c333c1e11ea5453ddd67309dc31fdb40a",
                "sha256:37e685986cf6f8144607f90340cff72d36acf654f3653a6c47b84c5c38d00df7",
                "sha256:3af610ee72efbe644e19d5eaad575c73fb83026192114e5f6719f4901097fce2",
                "sha256:3b919fc9cf508f13b929a9b274c40786036b31ad28657819b3b9ba44ba651f50",
                "sha256:3dd289368bbd064974d9a5961101f080e939cbe051e6689a193c99fb6e9ac89b",
                "sha256:6c3258ffff58712818a233b9737fe4be943d306c40cf63d14ddc82ba563f483a",
                "sha256:75e3f0b12c28945c08f54350d91e624f8dd580ab74fd4f1bbea54bc6b0165610",
                "sha256:b1f329139ba647a9548aa05fb95d046b4a677643070dc2afc05fa2e975d09ca5",
                "sha256:ee9625fc8ee164902dfbb0ff932b26df112da9f871c32f0f9c1bcf20c350fe2a",
                "sha256:fb2530b53c28f0d4d84990e945c2ebb470edb469d63e389bf02ff409012fe7c5"
            ],
            "version": "==3.16.0"
        },
        "six": {
            "hashes": [
                "sha256:3350809f0555b11f552448330d0b52d5f24c91a322ea4a15ef22629740f3761c",
                "sha256:d16a0141ec1a18405cd4ce8b4613101da75da0e9a7aec5bdd4fa804d0e0eba73"
            ],
            "version": "==1.12.0"
        },
        "uritemplate": {
            "hashes": [
                "sha256:01c69f4fe8ed503b2951bef85d996a9d22434d2431584b5b107b2981ff416fbd",
                "sha256:1b9c467a940ce9fb9f50df819e8ddd14696f89b9a8cc87ac77952ba416e0a8fd",
                "sha256:c02643cebe23fc8adb5e6becffe201185bf06c40bda5c0b4028a93f1527d011d"
            ],
            "version": "==3.0.0"
        },
        "urllib3": {
            "hashes": [
                "sha256:61bf29cada3fc2fbefad4fdf059ea4bd1b4a86d2b6d15e1c7c0b582b9752fe39",
                "sha256:de9529817c93f27c8ccbfead6985011db27bd0ddfcdb2d86f3f663385c6a9c22"
            ],
            "version": "==1.24.1"
        },
        "whitenoise": {
            "hashes": [
                "sha256:15f43b2e701821b95c9016cf469d29e2a546cb1c7dead584ba82c36f843995cf",
                "sha256:9d81515f2b5b27051910996e1e860b1332e354d9e7bcf30c98f21dcb6713e0dd"
            ],
            "index": "pypi",
            "version": "==3.3.1"
        }
    },
    "develop": {}
}
